
Microsoft Visual Studio Solution File, Format Version 12.00
# Visual Studio 14
VisualStudioVersion = 14.0.25420.1
MinimumVisualStudioVersion = 10.0.40219.1
Project("{FAE04EC0-301F-11D3-BF4B-00C04F79EFBC}") = "BDK.XrmToolBox.UserAuditViewer", "BDK.XrmToolBox.UserAuditViewer\BDK.XrmToolBox.UserAuditViewer.csproj", "{2573ED2C-8EB7-4BC8-B17F-20AB255802AD}"
EndProject
Project("{FAE04EC0-301F-11D3-BF4B-00C04F79EFBC}") = "BDK.XrmToolBox.StorageCleaner", "BDK.XrmToolBox.StorageCleaner\BDK.XrmToolBox.StorageCleaner.csproj", "{0D801AE5-C241-4C37-8649-C71CA8F95409}"
EndProject
Project("{FAE04EC0-301F-11D3-BF4B-00C04F79EFBC}") = "BDK.XrmToolBox.RecycleBin", "BDK.XrmToolBox.RecycleBin\BDK.XrmToolBox.RecycleBin.csproj", "{8D2C8BFC-9031-4A03-8E65-540CD27C5B7D}"
EndProject
Global
	GlobalSection(SolutionConfigurationPlatforms) = preSolution
		Debug|Any CPU = Debug|Any CPU
		Release|Any CPU = Release|Any CPU
	EndGlobalSection
	GlobalSection(ProjectConfigurationPlatforms) = postSolution
		{2573ED2C-8EB7-4BC8-B17F-20AB255802AD}.Debug|Any CPU.ActiveCfg = Debug|Any CPU
		{2573ED2C-8EB7-4BC8-B17F-20AB255802AD}.Debug|Any CPU.Build.0 = Debug|Any CPU
		{2573ED2C-8EB7-4BC8-B17F-20AB255802AD}.Release|Any CPU.ActiveCfg = Release|Any CPU
		{2573ED2C-8EB7-4BC8-B17F-20AB255802AD}.Release|Any CPU.Build.0 = Release|Any CPU
		{0D801AE5-C241-4C37-8649-C71CA8F95409}.Debug|Any CPU.ActiveCfg = Debug|Any CPU
		{0D801AE5-C241-4C37-8649-C71CA8F95409}.Debug|Any CPU.Build.0 = Debug|Any CPU
		{0D801AE5-C241-4C37-8649-C71CA8F95409}.Release|Any CPU.ActiveCfg = Release|Any CPU
		{0D801AE5-C241-4C37-8649-C71CA8F95409}.Release|Any CPU.Build.0 = Release|Any CPU
		{8D2C8BFC-9031-4A03-8E65-540CD27C5B7D}.Debug|Any CPU.ActiveCfg = Debug|Any CPU
		{8D2C8BFC-9031-4A03-8E65-540CD27C5B7D}.Debug|Any CPU.Build.0 = Debug|Any CPU
		{8D2C8BFC-9031-4A03-8E65-540CD27C5B7D}.Release|Any CPU.ActiveCfg = Release|Any CPU
		{8D2C8BFC-9031-4A03-8E65-540CD27C5B7D}.Release|Any CPU.Build.0 = Release|Any CPU
	EndGlobalSection
	GlobalSection(SolutionProperties) = preSolution
		HideSolutionNode = FALSE
	EndGlobalSection
EndGlobal
